
Microsoft Visual Studio Solution File, Format Version 12.00
# Visual Studio Version 17
VisualStudioVersion = 17.6.33801.468
MinimumVisualStudioVersion = 10.0.40219.1
Project("{FAE04EC0-301F-11D3-BF4B-00C04F79EFBC}") = "SimpleFTP", "SimpleFTP\SimpleFTP.csproj", "{FF102B0E-926F-44BE-9DA5-4CB7BE16C463}"
EndProject
Global
	GlobalSection(SolutionConfigurationPlatforms) = preSolution
		Debug|Any CPU = Debug|Any CPU
		Release|Any CPU = Release|Any CPU
	EndGlobalSection
	GlobalSection(ProjectConfigurationPlatforms) = postSolution
		{FF102B0E-926F-44BE-9DA5-4CB7BE16C463}.Debug|Any CPU.ActiveCfg = Debug|Any CPU
		{FF102B0E-926F-44BE-9DA5-4CB7BE16C463}.Debug|Any CPU.Build.0 = Debug|Any CPU
		{FF102B0E-926F-44BE-9DA5-4CB7BE16C463}.Release|Any CPU.ActiveCfg = Release|Any CPU
		{FF102B0E-926F-44BE-9DA5-4CB7BE16C463}.Release|Any CPU.Build.0 = Release|Any CPU
	EndGlobalSection
	GlobalSection(SolutionProperties) = preSolution
		HideSolutionNode = FALSE
	EndGlobalSection
	GlobalSection(ExtensibilityGlobals) = postSolution
		SolutionGuid = {43A527D9-A253-4684-96AA-18E6D1973374}
	EndGlobalSection
EndGlobal
