
Microsoft Visual Studio Solution File, Format Version 12.00
# Visual Studio Version 17
VisualStudioVersion = 17.3.32929.385
MinimumVisualStudioVersion = 10.0.40219.1
Project("{FAE04EC0-301F-11D3-BF4B-00C04F79EFBC}") = "RestaurantOrder", "RestaurantOrder\RestaurantOrder.csproj", "{AAAAB1E7-F247-443E-B146-5A446D7DABEE}"
EndProject
Global
	GlobalSection(SolutionConfigurationPlatforms) = preSolution
		Debug|Any CPU = Debug|Any CPU
		Release|Any CPU = Release|Any CPU
	EndGlobalSection
	GlobalSection(ProjectConfigurationPlatforms) = postSolution
		{AAAAB1E7-F247-443E-B146-5A446D7DABEE}.Debug|Any CPU.ActiveCfg = Debug|Any CPU
		{AAAAB1E7-F247-443E-B146-5A446D7DABEE}.Debug|Any CPU.Build.0 = Debug|Any CPU
		{AAAAB1E7-F247-443E-B146-5A446D7DABEE}.Release|Any CPU.ActiveCfg = Release|Any CPU
		{AAAAB1E7-F247-443E-B146-5A446D7DABEE}.Release|Any CPU.Build.0 = Release|Any CPU
	EndGlobalSection
	GlobalSection(SolutionProperties) = preSolution
		HideSolutionNode = FALSE
	EndGlobalSection
	GlobalSection(ExtensibilityGlobals) = postSolution
		SolutionGuid = {5DA88452-5271-4E92-ADBA-E7D1EC04EC46}
	EndGlobalSection
EndGlobal
