
Microsoft Visual Studio Solution File, Format Version 12.00
# Visual Studio Version 17
VisualStudioVersion = 17.6.33801.468
MinimumVisualStudioVersion = 10.0.40219.1
Project("{FAE04EC0-301F-11D3-BF4B-00C04F79EFBC}") = "RSSService", "RSSService\RSSService.csproj", "{615E08EA-52D9-4F99-9D08-CD29BF1BD31B}"
EndProject
Global
	GlobalSection(SolutionConfigurationPlatforms) = preSolution
		Debug|Any CPU = Debug|Any CPU
		Release|Any CPU = Release|Any CPU
	EndGlobalSection
	GlobalSection(ProjectConfigurationPlatforms) = postSolution
		{615E08EA-52D9-4F99-9D08-CD29BF1BD31B}.Debug|Any CPU.ActiveCfg = Debug|Any CPU
		{615E08EA-52D9-4F99-9D08-CD29BF1BD31B}.Debug|Any CPU.Build.0 = Debug|Any CPU
		{615E08EA-52D9-4F99-9D08-CD29BF1BD31B}.Release|Any CPU.ActiveCfg = Release|Any CPU
		{615E08EA-52D9-4F99-9D08-CD29BF1BD31B}.Release|Any CPU.Build.0 = Release|Any CPU
	EndGlobalSection
	GlobalSection(SolutionProperties) = preSolution
		HideSolutionNode = FALSE
	EndGlobalSection
	GlobalSection(ExtensibilityGlobals) = postSolution
		SolutionGuid = {B6F8FC7B-84C1-44A5-825D-B88485F54A9F}
	EndGlobalSection
EndGlobal
