
Microsoft Visual Studio Solution File, Format Version 12.00
# Visual Studio Version 17
VisualStudioVersion = 17.6.33801.468
MinimumVisualStudioVersion = 10.0.40219.1
Project("{FAE04EC0-301F-11D3-BF4B-00C04F79EFBC}") = "Logger", "Logger\Logger.csproj", "{1A551165-B824-46DE-AC77-FF46CB8F64E0}"
EndProject
Global
	GlobalSection(SolutionConfigurationPlatforms) = preSolution
		Debug|Any CPU = Debug|Any CPU
		Release|Any CPU = Release|Any CPU
	EndGlobalSection
	GlobalSection(ProjectConfigurationPlatforms) = postSolution
		{1A551165-B824-46DE-AC77-FF46CB8F64E0}.Debug|Any CPU.ActiveCfg = Debug|Any CPU
		{1A551165-B824-46DE-AC77-FF46CB8F64E0}.Debug|Any CPU.Build.0 = Debug|Any CPU
		{1A551165-B824-46DE-AC77-FF46CB8F64E0}.Release|Any CPU.ActiveCfg = Release|Any CPU
		{1A551165-B824-46DE-AC77-FF46CB8F64E0}.Release|Any CPU.Build.0 = Release|Any CPU
	EndGlobalSection
	GlobalSection(SolutionProperties) = preSolution
		HideSolutionNode = FALSE
	EndGlobalSection
	GlobalSection(ExtensibilityGlobals) = postSolution
		SolutionGuid = {75511C39-272A-4825-ACE2-FB1E5FA8A08F}
	EndGlobalSection
EndGlobal
